
Microsoft Visual Studio Solution File, Format Version 12.00
# Visual Studio Version 17
VisualStudioVersion = 17.6.33712.159
MinimumVisualStudioVersion = 10.0.40219.1
Project("{FAE04EC0-301F-11D3-BF4B-00C04F79EFBC}") = "ServeImages", "ServeImages\ServeImages.csproj", "{DFC8CBF8-058B-4B06-97C8-D8ACF266F9AA}"
EndProject
Global
	GlobalSection(SolutionConfigurationPlatforms) = preSolution
		Debug|Any CPU = Debug|Any CPU
		Release|Any CPU = Release|Any CPU
	EndGlobalSection
	GlobalSection(ProjectConfigurationPlatforms) = postSolution
		{DFC8CBF8-058B-4B06-97C8-D8ACF266F9AA}.Debug|Any CPU.ActiveCfg = Debug|Any CPU
		{DFC8CBF8-058B-4B06-97C8-D8ACF266F9AA}.Debug|Any CPU.Build.0 = Debug|Any CPU
		{DFC8CBF8-058B-4B06-97C8-D8ACF266F9AA}.Release|Any CPU.ActiveCfg = Release|Any CPU
		{DFC8CBF8-058B-4B06-97C8-D8ACF266F9AA}.Release|Any CPU.Build.0 = Release|Any CPU
	EndGlobalSection
	GlobalSection(SolutionProperties) = preSolution
		HideSolutionNode = FALSE
	EndGlobalSection
	GlobalSection(ExtensibilityGlobals) = postSolution
		SolutionGuid = {4C351F66-E0A0-4250-AF1A-FC15A2575E33}
	EndGlobalSection
EndGlobal
